Microsoft Visual Studio Solution File, Format Version 12.00
# Visual Studio Version 17
VisualStudioVersion = 17.13.35825.156
MinimumVisualStudioVersion = 10.0.40219.1
Project("{FAE04EC0-301F-11D3-BF4B-00C04F79EFBC}") = "TokenTeam.ConfigCenter", "TokenTeam.ConfigCenter\TokenTeam.ConfigCenter.csproj", "{FC00DDA3-D5B3-4D47-9AAD-97A2D4139484}"
EndProject
Global
	GlobalSection(SolutionConfigurationPlatforms) = preSolution
		Debug|Any CPU = Debug|Any CPU
		Release|Any CPU = Release|Any CPU
	EndGlobalSection
	GlobalSection(ProjectConfigurationPlatforms) = postSolution
		{FC00DDA3-D5B3-4D47-9AAD-97A2D4139484}.Debug|Any CPU.ActiveCfg = Debug|Any CPU
		{FC00DDA3-D5B3-4D47-9AAD-97A2D4139484}.Debug|Any CPU.Build.0 = Debug|Any CPU
		{FC00DDA3-D5B3-4D47-9AAD-97A2D4139484}.Release|Any CPU.ActiveCfg = Release|Any CPU
		{FC00DDA3-D5B3-4D47-9AAD-97A2D4139484}.Release|Any CPU.Build.0 = Release|Any CPU
	EndGlobalSection
	GlobalSection(SolutionProperties) = preSolution
		HideSolutionNode = FALSE
	EndGlobalSection
	GlobalSection(ExtensibilityGlobals) = postSolution
		SolutionGuid = {226B701C-9291-4A01-BE30-5FB40CF79074}
	EndGlobalSection
EndGlobal
